
Microsoft Visual Studio Solution File, Format Version 12.00
# Visual Studio Version 17
VisualStudioVersion = 17.12.35506.116 d17.12
MinimumVisualStudioVersion = 10.0.40219.1
Project("{888888A0-9F3D-457C-B088-3A5042F75D52}") = "Warframe Market Relic Prices", "Warframe Market Relic Prices\Warframe Market Relic Prices.pyproj", "{496E849D-2312-4C76-8ABF-D10A177E5E2D}"
EndProject
Global
	GlobalSection(SolutionConfigurationPlatforms) = preSolution
		Debug|Any CPU = Debug|Any CPU
		Release|Any CPU = Release|Any CPU
	EndGlobalSection
	GlobalSection(ProjectConfigurationPlatforms) = postSolution
		{496E849D-2312-4C76-8ABF-D10A177E5E2D}.Debug|Any CPU.ActiveCfg = Debug|Any CPU
		{496E849D-2312-4C76-8ABF-D10A177E5E2D}.Release|Any CPU.ActiveCfg = Release|Any CPU
	EndGlobalSection
	GlobalSection(SolutionProperties) = preSolution
		HideSolutionNode = FALSE
	EndGlobalSection
EndGlobal
